
Microsoft Visual Studio Solution File, Format Version 12.00
# Visual Studio Version 17
VisualStudioVersion = 17.0.32126.317
MinimumVisualStudioVersion = 10.0.40219.1
Project("{FAE04EC0-301F-11D3-BF4B-00C04F79EFBC}") = "Activity4", "Activity4.csproj", "{DC5A47B9-CD82-470D-B346-C7165318D349}"
EndProject
Global
	GlobalSection(SolutionConfigurationPlatforms) = preSolution
		Debug|Any CPU = Debug|Any CPU
		Release|Any CPU = Release|Any CPU
	EndGlobalSection
	GlobalSection(ProjectConfigurationPlatforms) = postSolution
		{DC5A47B9-CD82-470D-B346-C7165318D349}.Debug|Any CPU.ActiveCfg = Debug|Any CPU
		{DC5A47B9-CD82-470D-B346-C7165318D349}.Debug|Any CPU.Build.0 = Debug|Any CPU
		{DC5A47B9-CD82-470D-B346-C7165318D349}.Release|Any CPU.ActiveCfg = Release|Any CPU
		{DC5A47B9-CD82-470D-B346-C7165318D349}.Release|Any CPU.Build.0 = Release|Any CPU
	EndGlobalSection
	GlobalSection(SolutionProperties) = preSolution
		HideSolutionNode = FALSE
	EndGlobalSection
	GlobalSection(ExtensibilityGlobals) = postSolution
		SolutionGuid = {0DFBA9F1-0842-4882-BBDC-8FDC546140BD}
	EndGlobalSection
EndGlobal
